
Microsoft Visual Studio Solution File, Format Version 12.00
# Visual Studio Version 16
VisualStudioVersion = 16.0.31624.102
MinimumVisualStudioVersion = 10.0.40219.1
Project("{9A19103F-16F7-4668-BE54-9A1E7A4F7556}") = "CompGraphics", "CompGraphics\CompGraphics.csproj", "{735E923F-C9C3-42FD-AB3F-15B58CB705EA}"
EndProject
Project("{9A19103F-16F7-4668-BE54-9A1E7A4F7556}") = "GeometricObjects", "GeometricObjects\GeometricObjects.csproj", "{06EF1347-026E-4E65-8AB8-ED5E391F61C0}"
EndProject
Project("{9A19103F-16F7-4668-BE54-9A1E7A4F7556}") = "GeometricObjectsTest", "GeometricObjectsTest\GeometricObjectsTest.csproj", "{9377205C-9912-4461-ACBA-CF4A1ACAA80B}"
EndProject
Project("{9A19103F-16F7-4668-BE54-9A1E7A4F7556}") = "TracerTests", "TracerTests\TracerTests.csproj", "{783AA6F3-CC8B-462A-8230-A085F338E266}"
EndProject
Project("{9A19103F-16F7-4668-BE54-9A1E7A4F7556}") = "Core", "Core\Core.csproj", "{4DB30FDE-1015-493B-8DD5-08388DD62CC4}"
EndProject
Project("{9A19103F-16F7-4668-BE54-9A1E7A4F7556}") = "ObjReader", "ObjReader\ObjReader.csproj", "{76089E06-9DA3-4F70-B8E1-EF9EC6C946E2}"
EndProject
Project("{9A19103F-16F7-4668-BE54-9A1E7A4F7556}") = "Matrix", "Matrix\Matrix.csproj", "{2B997A3F-1A69-4B74-ADFD-FD82A41EEBC3}"
EndProject
Project("{FAE04EC0-301F-11D3-BF4B-00C04F79EFBC}") = "AccelerationStructures", "AccelerationStructures\AccelerationStructures.csproj", "{4BC56295-B700-47B8-9C53-814BD55D56EA}"
EndProject
Global
	GlobalSection(SolutionConfigurationPlatforms) = preSolution
		Debug|Any CPU = Debug|Any CPU
		Release|Any CPU = Release|Any CPU
	EndGlobalSection
	GlobalSection(ProjectConfigurationPlatforms) = postSolution
		{735E923F-C9C3-42FD-AB3F-15B58CB705EA}.Debug|Any CPU.ActiveCfg = Debug|Any CPU
		{735E923F-C9C3-42FD-AB3F-15B58CB705EA}.Debug|Any CPU.Build.0 = Debug|Any CPU
		{735E923F-C9C3-42FD-AB3F-15B58CB705EA}.Release|Any CPU.ActiveCfg = Release|Any CPU
		{735E923F-C9C3-42FD-AB3F-15B58CB705EA}.Release|Any CPU.Build.0 = Release|Any CPU
		{06EF1347-026E-4E65-8AB8-ED5E391F61C0}.Debug|Any CPU.ActiveCfg = Debug|Any CPU
		{06EF1347-026E-4E65-8AB8-ED5E391F61C0}.Debug|Any CPU.Build.0 = Debug|Any CPU
		{06EF1347-026E-4E65-8AB8-ED5E391F61C0}.Release|Any CPU.ActiveCfg = Release|Any CPU
		{06EF1347-026E-4E65-8AB8-ED5E391F61C0}.Release|Any CPU.Build.0 = Release|Any CPU
		{9377205C-9912-4461-ACBA-CF4A1ACAA80B}.Debug|Any CPU.ActiveCfg = Debug|Any CPU
		{9377205C-9912-4461-ACBA-CF4A1ACAA80B}.Debug|Any CPU.Build.0 = Debug|Any CPU
		{9377205C-9912-4461-ACBA-CF4A1ACAA80B}.Release|Any CPU.ActiveCfg = Release|Any CPU
		{9377205C-9912-4461-ACBA-CF4A1ACAA80B}.Release|Any CPU.Build.0 = Release|Any CPU
		{783AA6F3-CC8B-462A-8230-A085F338E266}.Debug|Any CPU.ActiveCfg = Debug|Any CPU
		{783AA6F3-CC8B-462A-8230-A085F338E266}.Debug|Any CPU.Build.0 = Debug|Any CPU
		{783AA6F3-CC8B-462A-8230-A085F338E266}.Release|Any CPU.ActiveCfg = Release|Any CPU
		{783AA6F3-CC8B-462A-8230-A085F338E266}.Release|Any CPU.Build.0 = Release|Any CPU
		{4DB30FDE-1015-493B-8DD5-08388DD62CC4}.Debug|Any CPU.ActiveCfg = Debug|Any CPU
		{4DB30FDE-1015-493B-8DD5-08388DD62CC4}.Debug|Any CPU.Build.0 = Debug|Any CPU
		{4DB30FDE-1015-493B-8DD5-08388DD62CC4}.Release|Any CPU.ActiveCfg = Release|Any CPU
		{4DB30FDE-1015-493B-8DD5-08388DD62CC4}.Release|Any CPU.Build.0 = Release|Any CPU
		{76089E06-9DA3-4F70-B8E1-EF9EC6C946E2}.Debug|Any CPU.ActiveCfg = Debug|Any CPU
		{76089E06-9DA3-4F70-B8E1-EF9EC6C946E2}.Debug|Any CPU.Build.0 = Debug|Any CPU
		{76089E06-9DA3-4F70-B8E1-EF9EC6C946E2}.Release|Any CPU.ActiveCfg = Release|Any CPU
		{76089E06-9DA3-4F70-B8E1-EF9EC6C946E2}.Release|Any CPU.Build.0 = Release|Any CPU
		{2B997A3F-1A69-4B74-ADFD-FD82A41EEBC3}.Debug|Any CPU.ActiveCfg = Debug|Any CPU
		{2B997A3F-1A69-4B74-ADFD-FD82A41EEBC3}.Debug|Any CPU.Build.0 = Debug|Any CPU
		{2B997A3F-1A69-4B74-ADFD-FD82A41EEBC3}.Release|Any CPU.ActiveCfg = Release|Any CPU
		{2B997A3F-1A69-4B74-ADFD-FD82A41EEBC3}.Release|Any CPU.Build.0 = Release|Any CPU
		{4BC56295-B700-47B8-9C53-814BD55D56EA}.Debug|Any CPU.ActiveCfg = Debug|Any CPU
		{4BC56295-B700-47B8-9C53-814BD55D56EA}.Debug|Any CPU.Build.0 = Debug|Any CPU
		{4BC56295-B700-47B8-9C53-814BD55D56EA}.Release|Any CPU.ActiveCfg = Release|Any CPU
		{4BC56295-B700-47B8-9C53-814BD55D56EA}.Release|Any CPU.Build.0 = Release|Any CPU
	EndGlobalSection
	GlobalSection(SolutionProperties) = preSolution
		HideSolutionNode = FALSE
	EndGlobalSection
	GlobalSection(ExtensibilityGlobals) = postSolution
		SolutionGuid = {7EFB1AA9-8A18-4FBC-9680-167589CB1BAE}
	EndGlobalSection
EndGlobal
