
Microsoft Visual Studio Solution File, Format Version 12.00
Project("{FAE04EC0-301F-11D3-BF4B-00C04F79EFBC}") = "CompGraphics", "CompGraphics\CompGraphics.csproj", "{735E923F-C9C3-42FD-AB3F-15B58CB705EA}"
EndProject
Global
	GlobalSection(SolutionConfigurationPlatforms) = preSolution
		Debug|Any CPU = Debug|Any CPU
		Release|Any CPU = Release|Any CPU
	EndGlobalSection
	GlobalSection(ProjectConfigurationPlatforms) = postSolution
		{735E923F-C9C3-42FD-AB3F-15B58CB705EA}.Debug|Any CPU.ActiveCfg = Debug|Any CPU
		{735E923F-C9C3-42FD-AB3F-15B58CB705EA}.Debug|Any CPU.Build.0 = Debug|Any CPU
		{735E923F-C9C3-42FD-AB3F-15B58CB705EA}.Release|Any CPU.ActiveCfg = Release|Any CPU
		{735E923F-C9C3-42FD-AB3F-15B58CB705EA}.Release|Any CPU.Build.0 = Release|Any CPU
	EndGlobalSection
EndGlobal
